
Microsoft Visual Studio Solution File, Format Version 12.00
# Visual Studio Version 16
VisualStudioVersion = 16.0.30907.101
MinimumVisualStudioVersion = 10.0.40219.1
Project("{FAE04EC0-301F-11D3-BF4B-00C04F79EFBC}") = "Natural-Store", "Natural-Store.csproj", "{1E9436D6-53A6-4D9A-89B5-412C9E90788C}"
EndProject
Global
	GlobalSection(SolutionConfigurationPlatforms) = preSolution
		Debug|Any CPU = Debug|Any CPU
		Release|Any CPU = Release|Any CPU
	EndGlobalSection
	GlobalSection(ProjectConfigurationPlatforms) = postSolution
		{1E9436D6-53A6-4D9A-89B5-412C9E90788C}.Debug|Any CPU.ActiveCfg = Debug|Any CPU
		{1E9436D6-53A6-4D9A-89B5-412C9E90788C}.Debug|Any CPU.Build.0 = Debug|Any CPU
		{1E9436D6-53A6-4D9A-89B5-412C9E90788C}.Release|Any CPU.ActiveCfg = Release|Any CPU
		{1E9436D6-53A6-4D9A-89B5-412C9E90788C}.Release|Any CPU.Build.0 = Release|Any CPU
	EndGlobalSection
	GlobalSection(SolutionProperties) = preSolution
		HideSolutionNode = FALSE
	EndGlobalSection
	GlobalSection(ExtensibilityGlobals) = postSolution
		SolutionGuid = {C12C7961-E1A3-4A21-86FB-9054133A5F19}
	EndGlobalSection
EndGlobal
